
Microsoft Visual Studio Solution File, Format Version 12.00
# Visual Studio Version 17
VisualStudioVersion = 17.4.33205.214
MinimumVisualStudioVersion = 10.0.40219.1
Project("{FAE04EC0-301F-11D3-BF4B-00C04F79EFBC}") = "eTickets", "eTickets\eTickets.csproj", "{39B60A44-0239-43BB-8B46-F74C24D7F550}"
EndProject
Global
	GlobalSection(SolutionConfigurationPlatforms) = preSolution
		Debug|Any CPU = Debug|Any CPU
		Release|Any CPU = Release|Any CPU
	EndGlobalSection
	GlobalSection(ProjectConfigurationPlatforms) = postSolution
		{39B60A44-0239-43BB-8B46-F74C24D7F550}.Debug|Any CPU.ActiveCfg = Debug|Any CPU
		{39B60A44-0239-43BB-8B46-F74C24D7F550}.Debug|Any CPU.Build.0 = Debug|Any CPU
		{39B60A44-0239-43BB-8B46-F74C24D7F550}.Release|Any CPU.ActiveCfg = Release|Any CPU
		{39B60A44-0239-43BB-8B46-F74C24D7F550}.Release|Any CPU.Build.0 = Release|Any CPU
	EndGlobalSection
	GlobalSection(SolutionProperties) = preSolution
		HideSolutionNode = FALSE
	EndGlobalSection
	GlobalSection(ExtensibilityGlobals) = postSolution
		SolutionGuid = {176CB08D-7C88-4A53-AE01-BEE4BDC82325}
	EndGlobalSection
EndGlobal
